uuid: 7c7bff38-4549-4ec9-aa5e-18fdeace698d
langcode: en
status: true
dependencies:
  module:
    - block
_core:
  default_config_hash: n13T8QqL9OJoz-DVSY3g9uMeRmhNZNauYhjDvuWGEvo
id: block--block
disabled: true
path: block/block
resourceType: block--block
resourceFields:
  id:
    disabled: false
    fieldName: id
    publicName: id
    enhancer:
      id: ''
  status:
    disabled: false
    fieldName: status
    publicName: status
    enhancer:
      id: ''
  revision:
    disabled: false
    fieldName: revision
    publicName: revision
    enhancer:
      id: ''
  bundle:
    disabled: false
    fieldName: bundle
    publicName: bundle
    enhancer:
      id: ''
  langcode:
    disabled: false
    fieldName: langcode
    publicName: langcode
    enhancer:
      id: ''
  default_langcode:
    disabled: false
    fieldName: default_langcode
    publicName: default_langcode
    enhancer:
      id: ''
  uuid:
    disabled: false
    fieldName: uuid
    publicName: uuid
    enhancer:
      id: ''
